
Microsoft Visual Studio Solution File, Format Version 12.00
# Visual Studio Version 17
VisualStudioVersion = 17.3.32901.215
MinimumVisualStudioVersion = 10.0.40219.1
Project("{FAE04EC0-301F-11D3-BF4B-00C04F79EFBC}") = "Activity 1", "My First Project\Activity 1.csproj", "{EBCA6729-0CAF-4304-9209-E3264A8E7066}"
EndProject
Global
	GlobalSection(SolutionConfigurationPlatforms) = preSolution
		Debug|Any CPU = Debug|Any CPU
		Release|Any CPU = Release|Any CPU
	EndGlobalSection
	GlobalSection(ProjectConfigurationPlatforms) = postSolution
		{EBCA6729-0CAF-4304-9209-E3264A8E7066}.Debug|Any CPU.ActiveCfg = Debug|Any CPU
		{EBCA6729-0CAF-4304-9209-E3264A8E7066}.Debug|Any CPU.Build.0 = Debug|Any CPU
		{EBCA6729-0CAF-4304-9209-E3264A8E7066}.Release|Any CPU.ActiveCfg = Release|Any CPU
		{EBCA6729-0CAF-4304-9209-E3264A8E7066}.Release|Any CPU.Build.0 = Release|Any CPU
	EndGlobalSection
	GlobalSection(SolutionProperties) = preSolution
		HideSolutionNode = FALSE
	EndGlobalSection
	GlobalSection(ExtensibilityGlobals) = postSolution
		SolutionGuid = {71C7424C-8B97-48D1-B7C1-54D312A1A0AF}
	EndGlobalSection
EndGlobal
