
Microsoft Visual Studio Solution File, Format Version 12.00
# Visual Studio Version 17
VisualStudioVersion = 17.3.32901.215
MinimumVisualStudioVersion = 10.0.40219.1
Project("{FAE04EC0-301F-11D3-BF4B-00C04F79EFBC}") = "Activity 4", "Activity 4\Activity 4.csproj", "{E473C988-E16D-4EF1-A2D1-6C6A94D314BA}"
EndProject
Global
	GlobalSection(SolutionConfigurationPlatforms) = preSolution
		Debug|Any CPU = Debug|Any CPU
		Release|Any CPU = Release|Any CPU
	EndGlobalSection
	GlobalSection(ProjectConfigurationPlatforms) = postSolution
		{E473C988-E16D-4EF1-A2D1-6C6A94D314BA}.Debug|Any CPU.ActiveCfg = Debug|Any CPU
		{E473C988-E16D-4EF1-A2D1-6C6A94D314BA}.Debug|Any CPU.Build.0 = Debug|Any CPU
		{E473C988-E16D-4EF1-A2D1-6C6A94D314BA}.Release|Any CPU.ActiveCfg = Release|Any CPU
		{E473C988-E16D-4EF1-A2D1-6C6A94D314BA}.Release|Any CPU.Build.0 = Release|Any CPU
	EndGlobalSection
	GlobalSection(SolutionProperties) = preSolution
		HideSolutionNode = FALSE
	EndGlobalSection
	GlobalSection(ExtensibilityGlobals) = postSolution
		SolutionGuid = {8B902C79-1409-4C38-9750-5BF1D82664D9}
	EndGlobalSection
EndGlobal
